// !$*UTF8*$!
{
	archiveVersion = 1;
	classes = {
	};
	objectVersion = 55;
	objects = {

/* Begin PBXBuildFile section */
		15BDDFA7284B0CE300A00ED1 /* AppDelegate.swift in Sources */ = {isa = PBXBuildFile; fileRef = 15BDDFA6284B0CE300A00ED1 /* AppDelegate.swift */; };
		15BDDFA9284B0CE300A00ED1 /* SceneDelegate.swift in Sources */ = {isa = PBXBuildFile; fileRef = 15BDDFA8284B0CE300A00ED1 /* SceneDelegate.swift */; };
		15BDDFAB284B0CE300A00ED1 /* DesafioVC.swift in Sources */ = {isa = PBXBuildFile; fileRef = 15BDDFAA284B0CE300A00ED1 /* DesafioVC.swift */; };
		15BDDFB0284B0CE600A00ED1 /* Assets.xcassets in Resources */ = {isa = PBXBuildFile; fileRef = 15BDDFAF284B0CE600A00ED1 /* Assets.xcassets */; };
		15BDDFB3284B0CE600A00ED1 /* LaunchScreen.storyboard in Resources */ = {isa = PBXBuildFile; fileRef = 15BDDFB1284B0CE600A00ED1 /* LaunchScreen.storyboard */; };
		15BDDFBB284B102D00A00ED1 /* ResultadoVC.swift in Sources */ = {isa = PBXBuildFile; fileRef = 15BDDFBA284B102D00A00ED1 /* ResultadoVC.swift */; };
/* End PBXBuildFile section */

/* Begin PBXFileReference section */
		15BDDFA3284B0CE300A00ED1 /* desafio003.app */ = {isa = PBXFileReference; explicitFileType = wrapper.application; includeInIndex = 0; path = desafio003.app; sourceTree = BUILT_PRODUCTS_DIR; };
		15BDDFA6284B0CE300A00ED1 /* AppDelegate.swift */ = {isa = PBXFileReference; lastKnownFileType = sourcecode.swift; path = AppDelegate.swift; sourceTree = "<group>"; };
		15BDDFA8284B0CE300A00ED1 /* SceneDelegate.swift */ = {isa = PBXFileReference; lastKnownFileType = sourcecode.swift; path = SceneDelegate.swift; sourceTree = "<group>"; };
		15BDDFAA284B0CE300A00ED1 /* DesafioVC.swift */ = {isa = PBXFileReference; lastKnownFileType = sourcecode.swift; path = DesafioVC.swift; sourceTree = "<group>"; };
		15BDDFAF284B0CE600A00ED1 /* Assets.xcassets */ = {isa = PBXFileReference; lastKnownFileType = folder.assetcatalog; path = Assets.xcassets; sourceTree = "<group>"; };
		15BDDFB2284B0CE600A00ED1 /* Base */ = {isa = PBXFileReference; lastKnownFileType = file.storyboard; name = Base; path = Base.lproj/LaunchScreen.storyboard; sourceTree = "<group>"; };
		15BDDFB4284B0CE600A00ED1 /* Info.plist */ = {isa = PBXFileReference; lastKnownFileType = text.plist.xml; path = Info.plist; sourceTree = "<group>"; };
		15BDDFBA284B102D00A00ED1 /* ResultadoVC.swift */ = {isa = PBXFileReference; lastKnownFileType = sourcecode.swift; path = ResultadoVC.swift; sourceTree = "<group>"; };
/* End PBXFileReference section */

/* Begin PBXFrameworksBuildPhase section */
		15BDDFA0284B0CE300A00ED1 /* Frameworks */ = {
			isa = PBXFrameworksBuildPhase;
			buildActionMask = 2147483647;
			files = (
			);
			runOnlyForDeploymentPostprocessing = 0;
		};
/* End PBXFrameworksBuildPhase section */

/* Begin PBXGroup section */
		15BDDF9A284B0CE300A00ED1 = {
			isa = PBXGroup;
			children = (
				15BDDFA5284B0CE300A00ED1 /* desafio003 */,
				15BDDFA4284B0CE300A00ED1 /* Products */,
			);
			sourceTree = "<group>";
		};
		15BDDFA4284B0CE300A00ED1 /* Products */ = {
			isa = PBXGroup;
			children = (
				15BDDFA3284B0CE300A00ED1 /* desafio003.app */,
			);
			name = Products;
			sourceTree = "<group>";
		};
		15BDDFA5284B0CE300A00ED1 /* desafio003 */ = {
			isa = PBXGroup;
			children = (
				15BDDFA6284B0CE300A00ED1 /* AppDelegate.swift */,
				15BDDFA8284B0CE300A00ED1 /* SceneDelegate.swift */,
				15BDDFAA284B0CE300A00ED1 /* DesafioVC.swift */,
				15BDDFBA284B102D00A00ED1 /* ResultadoVC.swift */,
				15BDDFAF284B0CE600A00ED1 /* Assets.xcassets */,
				15BDDFB1284B0CE600A00ED1 /* LaunchScreen.storyboard */,
				15BDDFB4284B0CE600A00ED1 /* Info.plist */,
			);
			path = desafio003;
			sourceTree = "<group>";
		};
/* End PBXGroup section */

/* Begin PBXNativeTarget section */
		15BDDFA2284B0CE300A00ED1 /* desafio003 */ = {
			isa = PBXNativeTarget;
			buildConfigurationList = 15BDDFB7284B0CE600A00ED1 /* Build configuration list for PBXNativeTarget "desafio003" */;
			buildPhases = (
				15BDDF9F284B0CE300A00ED1 /* Sources */,
				15BDDFA0284B0CE300A00ED1 /* Frameworks */,
				15BDDFA1284B0CE300A00ED1 /* Resources */,
			);
			buildRules = (
			);
			dependencies = (
			);
			name = desafio003;
			productName = desafio003;
			productReference = 15BDDFA3284B0CE300A00ED1 /* desafio003.app */;
			productType = "com.apple.product-type.application";
		};
/* End PBXNativeTarget section */

/* Begin PBXProject section */
		15BDDF9B284B0CE300A00ED1 /* Project object */ = {
			isa = PBXProject;
			attributes = {
				BuildIndependentTargetsInParallel = 1;
				LastSwiftUpdateCheck = 1340;
				LastUpgradeCheck = 1340;
				TargetAttributes = {
					15BDDFA2284B0CE300A00ED1 = {
						CreatedOnToolsVersion = 13.4;
					};
				};
			};
			buildConfigurationList = 15BDDF9E284B0CE300A00ED1 /* Build configuration list for PBXProject "desafio003" */;
			compatibilityVersion = "Xcode 13.0";
			developmentRegion = en;
			hasScannedForEncodings = 0;
			knownRegions = (
				en,
				Base,
			);
			mainGroup = 15BDDF9A284B0CE300A00ED1;
			productRefGroup = 15BDDFA4284B0CE300A00ED1 /* Products */;
			projectDirPath = "";
			projectRoot = "";
			targets = (
				15BDDFA2284B0CE300A00ED1 /* desafio003 */,
			);
		};
/* End PBXProject section */

/* Begin PBXResourcesBuildPhase section */
		15BDDFA1284B0CE300A00ED1 /* Resources */ = {
			isa = PBXResourcesBuildPhase;
			buildActionMask = 2147483647;
			files = (
				15BDDFB3284B0CE600A00ED1 /* LaunchScreen.storyboard in Resources */,
				15BDDFB0284B0CE600A00ED1 /* Assets.xcassets in Resources */,
			);
			runOnlyForDeploymentPostprocessing = 0;
		};
/* End PBXResourcesBuildPhase section */

/* Begin PBXSourcesBuildPhase section */
		15BDDF9F284B0CE300A00ED1 /* Sources */ = {
			isa = PBXSourcesBuildPhase;
			buildActionMask = 2147483647;
			files = (
				15BDDFBB284B102D00A00ED1 /* ResultadoVC.swift in Sources */,
				15BDDFAB284B0CE300A00ED1 /* DesafioVC.swift in Sources */,
				15BDDFA7284B0CE300A00ED1 /* AppDelegate.swift in Sources */,
				15BDDFA9284B0CE300A00ED1 /* SceneDelegate.swift in Sources */,
			);
			runOnlyForDeploymentPostprocessing = 0;
		};
/* End PBXSourcesBuildPhase section */

/* Begin PBXVariantGroup section */
		15BDDFB1284B0CE600A00ED1 /* LaunchScreen.storyboard */ = {
			isa = PBXVariantGroup;
			children = (
				15BDDFB2284B0CE600A00ED1 /* Base */,
			);
			name = LaunchScreen.storyboard;
			sourceTree = "<group>";
		};
/* End PBXVariantGroup section */

/* Begin XCBuildConfiguration section */
		15BDDFB5284B0CE600A00ED1 /* Debug */ = {
			isa = XCBuildConfiguration;
			buildSettings = {
				ALWAYS_SEARCH_USER_PATHS = NO;
				CLANG_ANALYZER_NONNULL = YES;
				CLANG_ANALYZER_NUMBER_OBJECT_CONVERSION = YES_AGGRESSIVE;
				CLANG_CXX_LANGUAGE_STANDARD = "gnu++17";
				CLANG_ENABLE_MODULES = YES;
				CLANG_ENABLE_OBJC_ARC = YES;
				CLANG_ENABLE_OBJC_WEAK = YES;
				CLANG_WARN_BLOCK_CAPTURE_AUTORELEASING = YES;
				CLANG_WARN_BOOL_CONVERSION = YES;
				CLANG_WARN_COMMA = YES;
				CLANG_WARN_CONSTANT_CONVERSION = YES;
				CLANG_WARN_DEPRECATED_OBJC_IMPLEMENTATIONS = YES;
				CLANG_WARN_DIRECT_OBJC_ISA_USAGE = YES_ERROR;
				CLANG_WARN_DOCUMENTATION_COMMENTS = YES;
				CLANG_WARN_EMPTY_BODY = YES;
				CLANG_WARN_ENUM_CONVERSION = YES;
				CLANG_WARN_INFINITE_RECURSION = YES;
				CLANG_WARN_INT_CONVERSION = YES;
				CLANG_WARN_NON_LITERAL_NULL_CONVERSION = YES;
				CLANG_WARN_OBJC_IMPLICIT_RETAIN_SELF = YES;
				CLANG_WARN_OBJC_LITERAL_CONVERSION = YES;
				CLANG_WARN_OBJC_ROOT_CLASS = YES_ERROR;
				CLANG_WARN_QUOTED_INCLUDE_IN_FRAMEWORK_HEADER = YES;
				CLANG_WARN_RANGE_LOOP_ANALYSIS = YES;
				CLANG_WARN_STRICT_PROTOTYPES = YES;
				CLANG_WARN_SUSPICIOUS_MOVE = YES;
				CLANG_WARN_UNGUARDED_AVAILABILITY = YES_AGGRESSIVE;
				CLANG_WARN_UNREACHABLE_CODE = YES;
				CLANG_WARN__DUPLICATE_METHOD_MATCH = YES;
				COPY_PHASE_STRIP = NO;
				DEBUG_INFORMATION_FORMAT = dwarf;
				ENABLE_STRICT_OBJC_MSGSEND = YES;
				ENABLE_TESTABILITY = YES;
				GCC_C_LANGUAGE_STANDARD = gnu11;
				GCC_DYNAMIC_NO_PIC = NO;
				GCC_NO_COMMON_BLOCKS = YES;
				GCC_OPTIMIZATION_LEVEL = 0;
				GCC_PREPROCESSOR_DEFINITIONS = (
					"DEBUG=1",
					"$(inherited)",
				);
				GCC_WARN_64_TO_32_BIT_CONVERSION = YES;
				GCC_WARN_ABOUT_RETURN_TYPE = YES_ERROR;
				GCC_WARN_UNDECLARED_SELECTOR = YES;
				GCC_WARN_UNINITIALIZED_AUTOS = YES_AGGRESSIVE;
				GCC_WARN_UNUSED_FUNCTION = YES;
				GCC_WARN_UNUSED_VARIABLE = YES;
				IPHONEOS_DEPLOYMENT_TARGET = 15.5;
				MTL_ENABLE_DEBUG_INFO = INCLUDE_SOURCE;
				MTL_FAST_MATH = YES;
				ONLY_ACTIVE_ARCH = YES;
				SDKROOT = iphoneos;
				SWIFT_ACTIVE_COMPILATION_CONDITIONS = DEBUG;
				SWIFT_OPTIMIZATION_LEVEL = "-Onone";
			};
			name = Debug;
		};
		15BDDFB6284B0CE600A00ED1 /* Release */ = {
			isa = XCBuildConfiguration;
			buildSettings = {
				ALWAYS_SEARCH_USER_PATHS = NO;
				CLANG_ANALYZER_NONNULL = YES;
				CLANG_ANALYZER_NUMBER_OBJECT_CONVERSION = YES_AGGRESSIVE;
				CLANG_CXX_LANGUAGE_STANDARD = "gnu++17";
				CLANG_ENABLE_MODULES = YES;
				CLANG_ENABLE_OBJC_ARC = YES;
				CLANG_ENABLE_OBJC_WEAK = YES;
				CLANG_WARN_BLOCK_CAPTURE_AUTORELEASING = YES;
				CLANG_WARN_BOOL_CONVERSION = YES;
				CLANG_WARN_COMMA = YES;
				CLANG_WARN_CONSTANT_CONVERSION = YES;
				CLANG_WARN_DEPRECATED_OBJC_IMPLEMENTATIONS = YES;
				CLANG_WARN_DIRECT_OBJC_ISA_USAGE = YES_ERROR;
				CLANG_WARN_DOCUMENTATION_COMMENTS = YES;
				CLANG_WARN_EMPTY_BODY = YES;
				CLANG_WARN_ENUM_CONVERSION = YES;
				CLANG_WARN_INFINITE_RECURSION = YES;
				CLANG_WARN_INT_CONVERSION = YES;
				CLANG_WARN_NON_LITERAL_NULL_CONVERSION = YES;
				CLANG_WARN_OBJC_IMPLICIT_RETAIN_SELF = YES;
				CLANG_WARN_OBJC_LITERAL_CONVERSION = YES;
				CLANG_WARN_OBJC_ROOT_CLASS = YES_ERROR;
				CLANG_WARN_QUOTED_INCLUDE_IN_FRAMEWORK_HEADER = YES;
				CLANG_WARN_RANGE_LOOP_ANALYSIS = YES;
				CLANG_WARN_STRICT_PROTOTYPES = YES;
				CLANG_WARN_SUSPICIOUS_MOVE = YES;
				CLANG_WARN_UNGUARDED_AVAILABILITY = YES_AGGRESSIVE;
				CLANG_WARN_UNREACHABLE_CODE = YES;
				CLANG_WARN__DUPLICATE_METHOD_MATCH = YES;
				COPY_PHASE_STRIP = NO;
				DEBUG_INFORMATION_FORMAT = "dwarf-with-dsym";
				ENABLE_NS_ASSERTIONS = NO;
				ENABLE_STRICT_OBJC_MSGSEND = YES;
				GCC_C_LANGUAGE_STANDARD = gnu11;
				GCC_NO_COMMON_BLOCKS = YES;
				GCC_WARN_64_TO_32_BIT_CONVERSION = YES;
				GCC_WARN_ABOUT_RETURN_TYPE = YES_ERROR;
				GCC_WARN_UNDECLARED_SELECTOR = YES;
				GCC_WARN_UNINITIALIZED_AUTOS = YES_AGGRESSIVE;
				GCC_WARN_UNUSED_FUNCTION = YES;
				GCC_WARN_UNUSED_VARIABLE = YES;
				IPHONEOS_DEPLOYMENT_TARGET = 15.5;
				MTL_ENABLE_DEBUG_INFO = NO;
				MTL_FAST_MATH = YES;
				SDKROOT = iphoneos;
				SWIFT_COMPILATION_MODE = wholemodule;
				SWIFT_OPTIMIZATION_LEVEL = "-O";
				VALIDATE_PRODUCT = YES;
			};
			name = Release;
		};
		15BDDFB8284B0CE600A00ED1 /* Debug */ = {
			isa = XCBuildConfiguration;
			buildSettings = {
				ASSETCATALOG_COMPILER_APPICON_NAME = AppIcon;
				ASSETCATALOG_COMPILER_GLOBAL_ACCENT_COLOR_NAME = AccentColor;
				CODE_SIGN_STYLE = Automatic;
				CURRENT_PROJECT_VERSION = 1;
				DEVELOPMENT_TEAM = 58S6S4T26J;
				GENERATE_INFOPLIST_FILE = YES;
				INFOPLIST_FILE = desafio003/Info.plist;
				INFOPLIST_KEY_UIApplicationSupportsIndirectInputEvents = YES;
				INFOPLIST_KEY_UILaunchStoryboardName = LaunchScreen;
				INFOPLIST_KEY_UISupportedInterfaceOrientations_iPad = "UIInterfaceOrientationPortrait UIInterfaceOrientationPortraitUpsideDown UIInterfaceOrientationLandscapeLeft UIInterfaceOrientationLandscapeRight";
				INFOPLIST_KEY_UISupportedInterfaceOrientations_iPhone = "UIInterfaceOrientationPortrait UIInterfaceOrientationLandscapeLeft UIInterfaceOrientationLandscapeRight";
				IPHONEOS_DEPLOYMENT_TARGET = 13.0;
				LD_RUNPATH_SEARCH_PATHS = (
					"$(inherited)",
					"@executable_path/Frameworks",
				);
				MARKETING_VERSION = 1.0;
				PRODUCT_BUNDLE_IDENTIFIER = com.listaExercicios.desafio003;
				PRODUCT_NAME = "$(TARGET_NAME)";
				SWIFT_EMIT_LOC_STRINGS = YES;
				SWIFT_VERSION = 5.0;
				TARGETED_DEVICE_FAMILY = 1;
			};
			name = Debug;
		};
		15BDDFB9284B0CE600A00ED1 /* Release */ = {
			isa = XCBuildConfiguration;
			buildSettings = {
				ASSETCATALOG_COMPILER_APPICON_NAME = AppIcon;
				ASSETCATALOG_COMPILER_GLOBAL_ACCENT_COLOR_NAME = AccentColor;
				CODE_SIGN_STYLE = Automatic;
				CURRENT_PROJECT_VERSION = 1;
				DEVELOPMENT_TEAM = 58S6S4T26J;
				GENERATE_INFOPLIST_FILE = YES;
				INFOPLIST_FILE = desafio003/Info.plist;
				INFOPLIST_KEY_UIApplicationSupportsIndirectInputEvents = YES;
				INFOPLIST_KEY_UILaunchStoryboardName = LaunchScreen;
				INFOPLIST_KEY_UISupportedInterfaceOrientations_iPad = "UIInterfaceOrientationPortrait UIInterfaceOrientationPortraitUpsideDown UIInterfaceOrientationLandscapeLeft UIInterfaceOrientationLandscapeRight";
				INFOPLIST_KEY_UISupportedInterfaceOrientations_iPhone = "UIInterfaceOrientationPortrait UIInterfaceOrientationLandscapeLeft UIInterfaceOrientationLandscapeRight";
				IPHONEOS_DEPLOYMENT_TARGET = 13.0;
				LD_RUNPATH_SEARCH_PATHS = (
					"$(inherited)",
					"@executable_path/Frameworks",
				);
				MARKETING_VERSION = 1.0;
				PRODUCT_BUNDLE_IDENTIFIER = com.listaExercicios.desafio003;
				PRODUCT_NAME = "$(TARGET_NAME)";
				SWIFT_EMIT_LOC_STRINGS = YES;
				SWIFT_VERSION = 5.0;
				TARGETED_DEVICE_FAMILY = 1;
			};
			name = Release;
		};
/* End XCBuildConfiguration section */

/* Begin XCConfigurationList section */
		15BDDF9E284B0CE300A00ED1 /* Build configuration list for PBXProject "desafio003" */ = {
			isa = XCConfigurationList;
			buildConfigurations = (
				15BDDFB5284B0CE600A00ED1 /* Debug */,
				15BDDFB6284B0CE600A00ED1 /* Release */,
			);
			defaultConfigurationIsVisible = 0;
			defaultConfigurationName = Release;
		};
		15BDDFB7284B0CE600A00ED1 /* Build configuration list for PBXNativeTarget "desafio003" */ = {
			isa = XCConfigurationList;
			buildConfigurations = (
				15BDDFB8284B0CE600A00ED1 /* Debug */,
				15BDDFB9284B0CE600A00ED1 /* Release */,
			);
			defaultConfigurationIsVisible = 0;
			defaultConfigurationName = Release;
		};
/* End XCConfigurationList section */
	};
	rootObject = 15BDDF9B284B0CE300A00ED1 /* Project object */;
}
