// !$*UTF8*$!
{
	archiveVersion = 1;
	classes = {
	};
	objectVersion = 55;
	objects = {

/* Begin PBXBuildFile section */
		153DD9EF284E91AE007611DD /* ResultadoVC.swift in Sources */ = {isa = PBXBuildFile; fileRef = 153DD9EE284E91AE007611DD /* ResultadoVC.swift */; };
		153DD9F2284EA149007611DD /* resultcells.swift in Sources */ = {isa = PBXBuildFile; fileRef = 153DD9F1284EA149007611DD /* resultcells.swift */; };
		153DD9F5284EA755007611DD /* Data.swift in Sources */ = {isa = PBXBuildFile; fileRef = 153DD9F4284EA755007611DD /* Data.swift */; };
		1541BFA4284D3B8C00B29A0B /* AppDelegate.swift in Sources */ = {isa = PBXBuildFile; fileRef = 1541BFA3284D3B8C00B29A0B /* AppDelegate.swift */; };
		1541BFA6284D3B8C00B29A0B /* SceneDelegate.swift in Sources */ = {isa = PBXBuildFile; fileRef = 1541BFA5284D3B8C00B29A0B /* SceneDelegate.swift */; };
		1541BFA8284D3B8C00B29A0B /* DesafioVC.swift in Sources */ = {isa = PBXBuildFile; fileRef = 1541BFA7284D3B8C00B29A0B /* DesafioVC.swift */; };
		1541BFAD284D3B8E00B29A0B /* Assets.xcassets in Resources */ = {isa = PBXBuildFile; fileRef = 1541BFAC284D3B8E00B29A0B /* Assets.xcassets */; };
		1541BFB0284D3B8E00B29A0B /* LaunchScreen.storyboard in Resources */ = {isa = PBXBuildFile; fileRef = 1541BFAE284D3B8E00B29A0B /* LaunchScreen.storyboard */; };
/* End PBXBuildFile section */

/* Begin PBXFileReference section */
		153DD9EE284E91AE007611DD /* ResultadoVC.swift */ = {isa = PBXFileReference; lastKnownFileType = sourcecode.swift; path = ResultadoVC.swift; sourceTree = "<group>"; };
		153DD9F1284EA149007611DD /* resultcells.swift */ = {isa = PBXFileReference; lastKnownFileType = sourcecode.swift; path = resultcells.swift; sourceTree = "<group>"; };
		153DD9F4284EA755007611DD /* Data.swift */ = {isa = PBXFileReference; lastKnownFileType = sourcecode.swift; path = Data.swift; sourceTree = "<group>"; };
		1541BFA0284D3B8C00B29A0B /* desafio005.app */ = {isa = PBXFileReference; explicitFileType = wrapper.application; includeInIndex = 0; path = desafio005.app; sourceTree = BUILT_PRODUCTS_DIR; };
		1541BFA3284D3B8C00B29A0B /* AppDelegate.swift */ = {isa = PBXFileReference; lastKnownFileType = sourcecode.swift; path = AppDelegate.swift; sourceTree = "<group>"; };
		1541BFA5284D3B8C00B29A0B /* SceneDelegate.swift */ = {isa = PBXFileReference; lastKnownFileType = sourcecode.swift; path = SceneDelegate.swift; sourceTree = "<group>"; };
		1541BFA7284D3B8C00B29A0B /* DesafioVC.swift */ = {isa = PBXFileReference; lastKnownFileType = sourcecode.swift; path = DesafioVC.swift; sourceTree = "<group>"; };
		1541BFAC284D3B8E00B29A0B /* Assets.xcassets */ = {isa = PBXFileReference; lastKnownFileType = folder.assetcatalog; path = Assets.xcassets; sourceTree = "<group>"; };
		1541BFAF284D3B8E00B29A0B /* Base */ = {isa = PBXFileReference; lastKnownFileType = file.storyboard; name = Base; path = Base.lproj/LaunchScreen.storyboard; sourceTree = "<group>"; };
		1541BFB1284D3B8E00B29A0B /* Info.plist */ = {isa = PBXFileReference; lastKnownFileType = text.plist.xml; path = Info.plist; sourceTree = "<group>"; };
/* End PBXFileReference section */

/* Begin PBXFrameworksBuildPhase section */
		1541BF9D284D3B8C00B29A0B /* Frameworks */ = {
			isa = PBXFrameworksBuildPhase;
			buildActionMask = 2147483647;
			files = (
			);
			runOnlyForDeploymentPostprocessing = 0;
		};
/* End PBXFrameworksBuildPhase section */

/* Begin PBXGroup section */
		153DD9F0284EA118007611DD /* Cell */ = {
			isa = PBXGroup;
			children = (
				153DD9F1284EA149007611DD /* resultcells.swift */,
			);
			path = Cell;
			sourceTree = "<group>";
		};
		153DD9F3284EA72E007611DD /* ModelCell */ = {
			isa = PBXGroup;
			children = (
				153DD9F4284EA755007611DD /* Data.swift */,
			);
			path = ModelCell;
			sourceTree = "<group>";
		};
		1541BF97284D3B8C00B29A0B = {
			isa = PBXGroup;
			children = (
				1541BFA2284D3B8C00B29A0B /* desafio005 */,
				1541BFA1284D3B8C00B29A0B /* Products */,
			);
			sourceTree = "<group>";
		};
		1541BFA1284D3B8C00B29A0B /* Products */ = {
			isa = PBXGroup;
			children = (
				1541BFA0284D3B8C00B29A0B /* desafio005.app */,
			);
			name = Products;
			sourceTree = "<group>";
		};
		1541BFA2284D3B8C00B29A0B /* desafio005 */ = {
			isa = PBXGroup;
			children = (
				153DD9F3284EA72E007611DD /* ModelCell */,
				153DD9F0284EA118007611DD /* Cell */,
				1541BFA3284D3B8C00B29A0B /* AppDelegate.swift */,
				1541BFA5284D3B8C00B29A0B /* SceneDelegate.swift */,
				1541BFA7284D3B8C00B29A0B /* DesafioVC.swift */,
				153DD9EE284E91AE007611DD /* ResultadoVC.swift */,
				1541BFAC284D3B8E00B29A0B /* Assets.xcassets */,
				1541BFAE284D3B8E00B29A0B /* LaunchScreen.storyboard */,
				1541BFB1284D3B8E00B29A0B /* Info.plist */,
			);
			path = desafio005;
			sourceTree = "<group>";
		};
/* End PBXGroup section */

/* Begin PBXNativeTarget section */
		1541BF9F284D3B8C00B29A0B /* desafio005 */ = {
			isa = PBXNativeTarget;
			buildConfigurationList = 1541BFB4284D3B8E00B29A0B /* Build configuration list for PBXNativeTarget "desafio005" */;
			buildPhases = (
				1541BF9C284D3B8C00B29A0B /* Sources */,
				1541BF9D284D3B8C00B29A0B /* Frameworks */,
				1541BF9E284D3B8C00B29A0B /* Resources */,
			);
			buildRules = (
			);
			dependencies = (
			);
			name = desafio005;
			productName = desafio005;
			productReference = 1541BFA0284D3B8C00B29A0B /* desafio005.app */;
			productType = "com.apple.product-type.application";
		};
/* End PBXNativeTarget section */

/* Begin PBXProject section */
		1541BF98284D3B8C00B29A0B /* Project object */ = {
			isa = PBXProject;
			attributes = {
				BuildIndependentTargetsInParallel = 1;
				LastSwiftUpdateCheck = 1340;
				LastUpgradeCheck = 1340;
				TargetAttributes = {
					1541BF9F284D3B8C00B29A0B = {
						CreatedOnToolsVersion = 13.4;
					};
				};
			};
			buildConfigurationList = 1541BF9B284D3B8C00B29A0B /* Build configuration list for PBXProject "desafio005" */;
			compatibilityVersion = "Xcode 13.0";
			developmentRegion = en;
			hasScannedForEncodings = 0;
			knownRegions = (
				en,
				Base,
			);
			mainGroup = 1541BF97284D3B8C00B29A0B;
			productRefGroup = 1541BFA1284D3B8C00B29A0B /* Products */;
			projectDirPath = "";
			projectRoot = "";
			targets = (
				1541BF9F284D3B8C00B29A0B /* desafio005 */,
			);
		};
/* End PBXProject section */

/* Begin PBXResourcesBuildPhase section */
		1541BF9E284D3B8C00B29A0B /* Resources */ = {
			isa = PBXResourcesBuildPhase;
			buildActionMask = 2147483647;
			files = (
				1541BFB0284D3B8E00B29A0B /* LaunchScreen.storyboard in Resources */,
				1541BFAD284D3B8E00B29A0B /* Assets.xcassets in Resources */,
			);
			runOnlyForDeploymentPostprocessing = 0;
		};
/* End PBXResourcesBuildPhase section */

/* Begin PBXSourcesBuildPhase section */
		1541BF9C284D3B8C00B29A0B /* Sources */ = {
			isa = PBXSourcesBuildPhase;
			buildActionMask = 2147483647;
			files = (
				153DD9EF284E91AE007611DD /* ResultadoVC.swift in Sources */,
				153DD9F5284EA755007611DD /* Data.swift in Sources */,
				1541BFA8284D3B8C00B29A0B /* DesafioVC.swift in Sources */,
				153DD9F2284EA149007611DD /* resultcells.swift in Sources */,
				1541BFA4284D3B8C00B29A0B /* AppDelegate.swift in Sources */,
				1541BFA6284D3B8C00B29A0B /* SceneDelegate.swift in Sources */,
			);
			runOnlyForDeploymentPostprocessing = 0;
		};
/* End PBXSourcesBuildPhase section */

/* Begin PBXVariantGroup section */
		1541BFAE284D3B8E00B29A0B /* LaunchScreen.storyboard */ = {
			isa = PBXVariantGroup;
			children = (
				1541BFAF284D3B8E00B29A0B /* Base */,
			);
			name = LaunchScreen.storyboard;
			sourceTree = "<group>";
		};
/* End PBXVariantGroup section */

/* Begin XCBuildConfiguration section */
		1541BFB2284D3B8E00B29A0B /* Debug */ = {
			isa = XCBuildConfiguration;
			buildSettings = {
				ALWAYS_SEARCH_USER_PATHS = NO;
				CLANG_ANALYZER_NONNULL = YES;
				CLANG_ANALYZER_NUMBER_OBJECT_CONVERSION = YES_AGGRESSIVE;
				CLANG_CXX_LANGUAGE_STANDARD = "gnu++17";
				CLANG_ENABLE_MODULES = YES;
				CLANG_ENABLE_OBJC_ARC = YES;
				CLANG_ENABLE_OBJC_WEAK = YES;
				CLANG_WARN_BLOCK_CAPTURE_AUTORELEASING = YES;
				CLANG_WARN_BOOL_CONVERSION = YES;
				CLANG_WARN_COMMA = YES;
				CLANG_WARN_CONSTANT_CONVERSION = YES;
				CLANG_WARN_DEPRECATED_OBJC_IMPLEMENTATIONS = YES;
				CLANG_WARN_DIRECT_OBJC_ISA_USAGE = YES_ERROR;
				CLANG_WARN_DOCUMENTATION_COMMENTS = YES;
				CLANG_WARN_EMPTY_BODY = YES;
				CLANG_WARN_ENUM_CONVERSION = YES;
				CLANG_WARN_INFINITE_RECURSION = YES;
				CLANG_WARN_INT_CONVERSION = YES;
				CLANG_WARN_NON_LITERAL_NULL_CONVERSION = YES;
				CLANG_WARN_OBJC_IMPLICIT_RETAIN_SELF = YES;
				CLANG_WARN_OBJC_LITERAL_CONVERSION = YES;
				CLANG_WARN_OBJC_ROOT_CLASS = YES_ERROR;
				CLANG_WARN_QUOTED_INCLUDE_IN_FRAMEWORK_HEADER = YES;
				CLANG_WARN_RANGE_LOOP_ANALYSIS = YES;
				CLANG_WARN_STRICT_PROTOTYPES = YES;
				CLANG_WARN_SUSPICIOUS_MOVE = YES;
				CLANG_WARN_UNGUARDED_AVAILABILITY = YES_AGGRESSIVE;
				CLANG_WARN_UNREACHABLE_CODE = YES;
				CLANG_WARN__DUPLICATE_METHOD_MATCH = YES;
				COPY_PHASE_STRIP = NO;
				DEBUG_INFORMATION_FORMAT = dwarf;
				ENABLE_STRICT_OBJC_MSGSEND = YES;
				ENABLE_TESTABILITY = YES;
				GCC_C_LANGUAGE_STANDARD = gnu11;
				GCC_DYNAMIC_NO_PIC = NO;
				GCC_NO_COMMON_BLOCKS = YES;
				GCC_OPTIMIZATION_LEVEL = 0;
				GCC_PREPROCESSOR_DEFINITIONS = (
					"DEBUG=1",
					"$(inherited)",
				);
				GCC_WARN_64_TO_32_BIT_CONVERSION = YES;
				GCC_WARN_ABOUT_RETURN_TYPE = YES_ERROR;
				GCC_WARN_UNDECLARED_SELECTOR = YES;
				GCC_WARN_UNINITIALIZED_AUTOS = YES_AGGRESSIVE;
				GCC_WARN_UNUSED_FUNCTION = YES;
				GCC_WARN_UNUSED_VARIABLE = YES;
				IPHONEOS_DEPLOYMENT_TARGET = 15.5;
				MTL_ENABLE_DEBUG_INFO = INCLUDE_SOURCE;
				MTL_FAST_MATH = YES;
				ONLY_ACTIVE_ARCH = YES;
				SDKROOT = iphoneos;
				SWIFT_ACTIVE_COMPILATION_CONDITIONS = DEBUG;
				SWIFT_OPTIMIZATION_LEVEL = "-Onone";
			};
			name = Debug;
		};
		1541BFB3284D3B8E00B29A0B /* Release */ = {
			isa = XCBuildConfiguration;
			buildSettings = {
				ALWAYS_SEARCH_USER_PATHS = NO;
				CLANG_ANALYZER_NONNULL = YES;
				CLANG_ANALYZER_NUMBER_OBJECT_CONVERSION = YES_AGGRESSIVE;
				CLANG_CXX_LANGUAGE_STANDARD = "gnu++17";
				CLANG_ENABLE_MODULES = YES;
				CLANG_ENABLE_OBJC_ARC = YES;
				CLANG_ENABLE_OBJC_WEAK = YES;
				CLANG_WARN_BLOCK_CAPTURE_AUTORELEASING = YES;
				CLANG_WARN_BOOL_CONVERSION = YES;
				CLANG_WARN_COMMA = YES;
				CLANG_WARN_CONSTANT_CONVERSION = YES;
				CLANG_WARN_DEPRECATED_OBJC_IMPLEMENTATIONS = YES;
				CLANG_WARN_DIRECT_OBJC_ISA_USAGE = YES_ERROR;
				CLANG_WARN_DOCUMENTATION_COMMENTS = YES;
				CLANG_WARN_EMPTY_BODY = YES;
				CLANG_WARN_ENUM_CONVERSION = YES;
				CLANG_WARN_INFINITE_RECURSION = YES;
				CLANG_WARN_INT_CONVERSION = YES;
				CLANG_WARN_NON_LITERAL_NULL_CONVERSION = YES;
				CLANG_WARN_OBJC_IMPLICIT_RETAIN_SELF = YES;
				CLANG_WARN_OBJC_LITERAL_CONVERSION = YES;
				CLANG_WARN_OBJC_ROOT_CLASS = YES_ERROR;
				CLANG_WARN_QUOTED_INCLUDE_IN_FRAMEWORK_HEADER = YES;
				CLANG_WARN_RANGE_LOOP_ANALYSIS = YES;
				CLANG_WARN_STRICT_PROTOTYPES = YES;
				CLANG_WARN_SUSPICIOUS_MOVE = YES;
				CLANG_WARN_UNGUARDED_AVAILABILITY = YES_AGGRESSIVE;
				CLANG_WARN_UNREACHABLE_CODE = YES;
				CLANG_WARN__DUPLICATE_METHOD_MATCH = YES;
				COPY_PHASE_STRIP = NO;
				DEBUG_INFORMATION_FORMAT = "dwarf-with-dsym";
				ENABLE_NS_ASSERTIONS = NO;
				ENABLE_STRICT_OBJC_MSGSEND = YES;
				GCC_C_LANGUAGE_STANDARD = gnu11;
				GCC_NO_COMMON_BLOCKS = YES;
				GCC_WARN_64_TO_32_BIT_CONVERSION = YES;
				GCC_WARN_ABOUT_RETURN_TYPE = YES_ERROR;
				GCC_WARN_UNDECLARED_SELECTOR = YES;
				GCC_WARN_UNINITIALIZED_AUTOS = YES_AGGRESSIVE;
				GCC_WARN_UNUSED_FUNCTION = YES;
				GCC_WARN_UNUSED_VARIABLE = YES;
				IPHONEOS_DEPLOYMENT_TARGET = 15.5;
				MTL_ENABLE_DEBUG_INFO = NO;
				MTL_FAST_MATH = YES;
				SDKROOT = iphoneos;
				SWIFT_COMPILATION_MODE = wholemodule;
				SWIFT_OPTIMIZATION_LEVEL = "-O";
				VALIDATE_PRODUCT = YES;
			};
			name = Release;
		};
		1541BFB5284D3B8E00B29A0B /* Debug */ = {
			isa = XCBuildConfiguration;
			buildSettings = {
				ASSETCATALOG_COMPILER_APPICON_NAME = AppIcon;
				ASSETCATALOG_COMPILER_GLOBAL_ACCENT_COLOR_NAME = AccentColor;
				CODE_SIGN_STYLE = Automatic;
				CURRENT_PROJECT_VERSION = 1;
				DEVELOPMENT_TEAM = 58S6S4T26J;
				GENERATE_INFOPLIST_FILE = YES;
				INFOPLIST_FILE = desafio005/Info.plist;
				INFOPLIST_KEY_UIApplicationSupportsIndirectInputEvents = YES;
				INFOPLIST_KEY_UILaunchStoryboardName = LaunchScreen;
				INFOPLIST_KEY_UISupportedInterfaceOrientations_iPad = "UIInterfaceOrientationPortrait UIInterfaceOrientationPortraitUpsideDown UIInterfaceOrientationLandscapeLeft UIInterfaceOrientationLandscapeRight";
				INFOPLIST_KEY_UISupportedInterfaceOrientations_iPhone = "UIInterfaceOrientationPortrait UIInterfaceOrientationLandscapeLeft UIInterfaceOrientationLandscapeRight";
				IPHONEOS_DEPLOYMENT_TARGET = 13.0;
				LD_RUNPATH_SEARCH_PATHS = (
					"$(inherited)",
					"@executable_path/Frameworks",
				);
				MARKETING_VERSION = 1.0;
				PRODUCT_BUNDLE_IDENTIFIER = com.listaExercicios.desafio005;
				PRODUCT_NAME = "$(TARGET_NAME)";
				SWIFT_EMIT_LOC_STRINGS = YES;
				SWIFT_VERSION = 5.0;
				TARGETED_DEVICE_FAMILY = 1;
			};
			name = Debug;
		};
		1541BFB6284D3B8E00B29A0B /* Release */ = {
			isa = XCBuildConfiguration;
			buildSettings = {
				ASSETCATALOG_COMPILER_APPICON_NAME = AppIcon;
				ASSETCATALOG_COMPILER_GLOBAL_ACCENT_COLOR_NAME = AccentColor;
				CODE_SIGN_STYLE = Automatic;
				CURRENT_PROJECT_VERSION = 1;
				DEVELOPMENT_TEAM = 58S6S4T26J;
				GENERATE_INFOPLIST_FILE = YES;
				INFOPLIST_FILE = desafio005/Info.plist;
				INFOPLIST_KEY_UIApplicationSupportsIndirectInputEvents = YES;
				INFOPLIST_KEY_UILaunchStoryboardName = LaunchScreen;
				INFOPLIST_KEY_UISupportedInterfaceOrientations_iPad = "UIInterfaceOrientationPortrait UIInterfaceOrientationPortraitUpsideDown UIInterfaceOrientationLandscapeLeft UIInterfaceOrientationLandscapeRight";
				INFOPLIST_KEY_UISupportedInterfaceOrientations_iPhone = "UIInterfaceOrientationPortrait UIInterfaceOrientationLandscapeLeft UIInterfaceOrientationLandscapeRight";
				IPHONEOS_DEPLOYMENT_TARGET = 13.0;
				LD_RUNPATH_SEARCH_PATHS = (
					"$(inherited)",
					"@executable_path/Frameworks",
				);
				MARKETING_VERSION = 1.0;
				PRODUCT_BUNDLE_IDENTIFIER = com.listaExercicios.desafio005;
				PRODUCT_NAME = "$(TARGET_NAME)";
				SWIFT_EMIT_LOC_STRINGS = YES;
				SWIFT_VERSION = 5.0;
				TARGETED_DEVICE_FAMILY = 1;
			};
			name = Release;
		};
/* End XCBuildConfiguration section */

/* Begin XCConfigurationList section */
		1541BF9B284D3B8C00B29A0B /* Build configuration list for PBXProject "desafio005" */ = {
			isa = XCConfigurationList;
			buildConfigurations = (
				1541BFB2284D3B8E00B29A0B /* Debug */,
				1541BFB3284D3B8E00B29A0B /* Release */,
			);
			defaultConfigurationIsVisible = 0;
			defaultConfigurationName = Release;
		};
		1541BFB4284D3B8E00B29A0B /* Build configuration list for PBXNativeTarget "desafio005" */ = {
			isa = XCConfigurationList;
			buildConfigurations = (
				1541BFB5284D3B8E00B29A0B /* Debug */,
				1541BFB6284D3B8E00B29A0B /* Release */,
			);
			defaultConfigurationIsVisible = 0;
			defaultConfigurationName = Release;
		};
/* End XCConfigurationList section */
	};
	rootObject = 1541BF98284D3B8C00B29A0B /* Project object */;
}
